
Microsoft Visual Studio Solution File, Format Version 12.00
# Visual Studio Version 17
VisualStudioVersion = 17.5.33530.505
MinimumVisualStudioVersion = 10.0.40219.1
Project("{9A19103F-16F7-4668-BE54-9A1E7A4F7556}") = "Model", "Model\Model.csproj", "{FC894CBA-9468-444E-8079-4C12F99BC33F}"
EndProject
Project("{2150E333-8FDC-42A3-9474-1A3956D46DE8}") = "ViewModelLayer", "ViewModelLayer", "{60EC0C27-B490-4A9E-B94F-53B76B99A4CF}"
EndProject
Project("{9A19103F-16F7-4668-BE54-9A1E7A4F7556}") = "Exensions", "Exensions\Exensions.csproj", "{FFD97CC4-2F08-4CC4-B616-602D94CE9664}"
EndProject
Project("{9A19103F-16F7-4668-BE54-9A1E7A4F7556}") = "DefaultPlugins", "DefaultPlugins\DefaultPlugins.csproj", "{3D6E8A4A-2D8D-49B4-B54F-054EFAD2BAD2}"
EndProject
Project("{9A19103F-16F7-4668-BE54-9A1E7A4F7556}") = "CustomFileApi", "ApiNew\CustomFileApi.csproj", "{DFE6B7DD-EA10-4BB1-8864-5FA30E8D7355}"
EndProject
Project("{9A19103F-16F7-4668-BE54-9A1E7A4F7556}") = "DefaultPlugins.Tests", "DefaultPlugins.Tests\DefaultPlugins.Tests.csproj", "{AACB7FCD-1D38-4882-B9FB-818FA29FFD8A}"
EndProject
Project("{FAE04EC0-301F-11D3-BF4B-00C04F79EFBC}") = "Shared", "Shared\Shared.csproj", "{958DBFDB-C2E1-4156-A553-A9FE1DE5444C}"
EndProject
Project("{2150E333-8FDC-42A3-9474-1A3956D46DE8}") = "BackendLayer", "BackendLayer", "{71A429DB-04E4-4893-9D4F-A7146BE12DE3}"
EndProject
Project("{2150E333-8FDC-42A3-9474-1A3956D46DE8}") = "_Tests", "_Tests", "{55B3A13A-94FE-4F3C-9E68-D889BCA2D684}"
EndProject
Project("{FAE04EC0-301F-11D3-BF4B-00C04F79EFBC}") = "Views", "Views\Views.csproj", "{A9D5B838-743E-4B87-B853-1709F01245CA}"
EndProject
Project("{2150E333-8FDC-42A3-9474-1A3956D46DE8}") = "öFrontendLayer", "öFrontendLayer", "{AD342BAA-5996-4184-B197-9192E5666B17}"
EndProject
Project("{2150E333-8FDC-42A3-9474-1A3956D46DE8}") = "1.Shared", "1.Shared", "{300D19BC-0A86-46A0-ACAC-958D368590A4}"
EndProject
Project("{FAE04EC0-301F-11D3-BF4B-00C04F79EFBC}") = "ViewModel", "ViewModel\ViewModel.csproj", "{F794742A-268A-46D8-9776-3E5F11EC5EBD}"
EndProject
Project("{FAE04EC0-301F-11D3-BF4B-00C04F79EFBC}") = "DeluxeEdit", "DeluxeEdit\DeluxeEdit.csproj", "{381BB341-9A6B-4DE6-9238-C801F3C7A043}"
EndProject
Project("{FAE04EC0-301F-11D3-BF4B-00C04F79EFBC}") = "Constants", "Constants\Constants.csproj", "{4F42320E-7431-47E7-B29F-1139AC557336}"
EndProject
Project("{C7167F0D-BC9F-4E6E-AFE1-012C56B48DB5}") = "Package", "Package\Package.wapproj", "{CE849636-27F4-40A4-9FB5-C7D2B35CDC90}"
EndProject
Project("{FAE04EC0-301F-11D3-BF4B-00C04F79EFBC}") = "ShellExtension", "ShellExtension\ShellExtension.csproj", "{CB1561FB-9889-9D00-81E8-AF77A3C01443}"
EndProject
Global
	GlobalSection(SolutionConfigurationPlatforms) = preSolution
		Debug|Any CPU = Debug|Any CPU
		Debug|ARM = Debug|ARM
		Debug|ARM64 = Debug|ARM64
		Debug|x64 = Debug|x64
		Debug|x86 = Debug|x86
		Production|Any CPU = Production|Any CPU
		Production|ARM = Production|ARM
		Production|ARM64 = Production|ARM64
		Production|x64 = Production|x64
		Production|x86 = Production|x86
		Release|Any CPU = Release|Any CPU
		Release|ARM = Release|ARM
		Release|ARM64 = Release|ARM64
		Release|x64 = Release|x64
		Release|x86 = Release|x86
	EndGlobalSection
	GlobalSection(ProjectConfigurationPlatforms) = postSolution
		{FC894CBA-9468-444E-8079-4C12F99BC33F}.Debug|Any CPU.ActiveCfg = Debug|Any CPU
		{FC894CBA-9468-444E-8079-4C12F99BC33F}.Debug|Any CPU.Build.0 = Debug|Any CPU
		{FC894CBA-9468-444E-8079-4C12F99BC33F}.Debug|ARM.ActiveCfg = Debug|Any CPU
		{FC894CBA-9468-444E-8079-4C12F99BC33F}.Debug|ARM.Build.0 = Debug|Any CPU
		{FC894CBA-9468-444E-8079-4C12F99BC33F}.Debug|ARM64.ActiveCfg = Debug|Any CPU
		{FC894CBA-9468-444E-8079-4C12F99BC33F}.Debug|ARM64.Build.0 = Debug|Any CPU
		{FC894CBA-9468-444E-8079-4C12F99BC33F}.Debug|x64.ActiveCfg = Debug|Any CPU
		{FC894CBA-9468-444E-8079-4C12F99BC33F}.Debug|x64.Build.0 = Debug|Any CPU
		{FC894CBA-9468-444E-8079-4C12F99BC33F}.Debug|x86.ActiveCfg = Debug|Any CPU
		{FC894CBA-9468-444E-8079-4C12F99BC33F}.Debug|x86.Build.0 = Debug|Any CPU
		{FC894CBA-9468-444E-8079-4C12F99BC33F}.Production|Any CPU.ActiveCfg = Production|Any CPU
		{FC894CBA-9468-444E-8079-4C12F99BC33F}.Production|Any CPU.Build.0 = Production|Any CPU
		{FC894CBA-9468-444E-8079-4C12F99BC33F}.Production|ARM.ActiveCfg = Production|Any CPU
		{FC894CBA-9468-444E-8079-4C12F99BC33F}.Production|ARM.Build.0 = Production|Any CPU
		{FC894CBA-9468-444E-8079-4C12F99BC33F}.Production|ARM64.ActiveCfg = Production|Any CPU
		{FC894CBA-9468-444E-8079-4C12F99BC33F}.Production|ARM64.Build.0 = Production|Any CPU
		{FC894CBA-9468-444E-8079-4C12F99BC33F}.Production|x64.ActiveCfg = Production|Any CPU
		{FC894CBA-9468-444E-8079-4C12F99BC33F}.Production|x64.Build.0 = Production|Any CPU
		{FC894CBA-9468-444E-8079-4C12F99BC33F}.Production|x86.ActiveCfg = Production|Any CPU
		{FC894CBA-9468-444E-8079-4C12F99BC33F}.Production|x86.Build.0 = Production|Any CPU
		{FC894CBA-9468-444E-8079-4C12F99BC33F}.Release|Any CPU.ActiveCfg = Release|Any CPU
		{FC894CBA-9468-444E-8079-4C12F99BC33F}.Release|Any CPU.Build.0 = Release|Any CPU
		{FC894CBA-9468-444E-8079-4C12F99BC33F}.Release|ARM.ActiveCfg = Release|Any CPU
		{FC894CBA-9468-444E-8079-4C12F99BC33F}.Release|ARM.Build.0 = Release|Any CPU
		{FC894CBA-9468-444E-8079-4C12F99BC33F}.Release|ARM64.ActiveCfg = Release|Any CPU
		{FC894CBA-9468-444E-8079-4C12F99BC33F}.Release|ARM64.Build.0 = Release|Any CPU
		{FC894CBA-9468-444E-8079-4C12F99BC33F}.Release|x64.ActiveCfg = Release|Any CPU
		{FC894CBA-9468-444E-8079-4C12F99BC33F}.Release|x64.Build.0 = Release|Any CPU
		{FC894CBA-9468-444E-8079-4C12F99BC33F}.Release|x86.ActiveCfg = Release|Any CPU
		{FC894CBA-9468-444E-8079-4C12F99BC33F}.Release|x86.Build.0 = Release|Any CPU
		{FFD97CC4-2F08-4CC4-B616-602D94CE9664}.Debug|Any CPU.ActiveCfg = Debug|Any CPU
		{FFD97CC4-2F08-4CC4-B616-602D94CE9664}.Debug|Any CPU.Build.0 = Debug|Any CPU
		{FFD97CC4-2F08-4CC4-B616-602D94CE9664}.Debug|ARM.ActiveCfg = Debug|Any CPU
		{FFD97CC4-2F08-4CC4-B616-602D94CE9664}.Debug|ARM.Build.0 = Debug|Any CPU
		{FFD97CC4-2F08-4CC4-B616-602D94CE9664}.Debug|ARM64.ActiveCfg = Debug|Any CPU
		{FFD97CC4-2F08-4CC4-B616-602D94CE9664}.Debug|ARM64.Build.0 = Debug|Any CPU
		{FFD97CC4-2F08-4CC4-B616-602D94CE9664}.Debug|x64.ActiveCfg = Debug|Any CPU
		{FFD97CC4-2F08-4CC4-B616-602D94CE9664}.Debug|x64.Build.0 = Debug|Any CPU
		{FFD97CC4-2F08-4CC4-B616-602D94CE9664}.Debug|x86.ActiveCfg = Debug|Any CPU
		{FFD97CC4-2F08-4CC4-B616-602D94CE9664}.Debug|x86.Build.0 = Debug|Any CPU
		{FFD97CC4-2F08-4CC4-B616-602D94CE9664}.Production|Any CPU.ActiveCfg = Production|Any CPU
		{FFD97CC4-2F08-4CC4-B616-602D94CE9664}.Production|Any CPU.Build.0 = Production|Any CPU
		{FFD97CC4-2F08-4CC4-B616-602D94CE9664}.Production|ARM.ActiveCfg = Production|Any CPU
		{FFD97CC4-2F08-4CC4-B616-602D94CE9664}.Production|ARM.Build.0 = Production|Any CPU
		{FFD97CC4-2F08-4CC4-B616-602D94CE9664}.Production|ARM64.ActiveCfg = Production|Any CPU
		{FFD97CC4-2F08-4CC4-B616-602D94CE9664}.Production|ARM64.Build.0 = Production|Any CPU
		{FFD97CC4-2F08-4CC4-B616-602D94CE9664}.Production|x64.ActiveCfg = Production|Any CPU
		{FFD97CC4-2F08-4CC4-B616-602D94CE9664}.Production|x64.Build.0 = Production|Any CPU
		{FFD97CC4-2F08-4CC4-B616-602D94CE9664}.Production|x86.ActiveCfg = Production|Any CPU
		{FFD97CC4-2F08-4CC4-B616-602D94CE9664}.Production|x86.Build.0 = Production|Any CPU
		{FFD97CC4-2F08-4CC4-B616-602D94CE9664}.Release|Any CPU.ActiveCfg = Release|Any CPU
		{FFD97CC4-2F08-4CC4-B616-602D94CE9664}.Release|Any CPU.Build.0 = Release|Any CPU
		{FFD97CC4-2F08-4CC4-B616-602D94CE9664}.Release|ARM.ActiveCfg = Release|Any CPU
		{FFD97CC4-2F08-4CC4-B616-602D94CE9664}.Release|ARM.Build.0 = Release|Any CPU
		{FFD97CC4-2F08-4CC4-B616-602D94CE9664}.Release|ARM64.ActiveCfg = Release|Any CPU
		{FFD97CC4-2F08-4CC4-B616-602D94CE9664}.Release|ARM64.Build.0 = Release|Any CPU
		{FFD97CC4-2F08-4CC4-B616-602D94CE9664}.Release|x64.ActiveCfg = Release|Any CPU
		{FFD97CC4-2F08-4CC4-B616-602D94CE9664}.Release|x64.Build.0 = Release|Any CPU
		{FFD97CC4-2F08-4CC4-B616-602D94CE9664}.Release|x86.ActiveCfg = Release|Any CPU
		{FFD97CC4-2F08-4CC4-B616-602D94CE9664}.Release|x86.Build.0 = Release|Any CPU
		{3D6E8A4A-2D8D-49B4-B54F-054EFAD2BAD2}.Debug|Any CPU.ActiveCfg = Debug|Any CPU
		{3D6E8A4A-2D8D-49B4-B54F-054EFAD2BAD2}.Debug|Any CPU.Build.0 = Debug|Any CPU
		{3D6E8A4A-2D8D-49B4-B54F-054EFAD2BAD2}.Debug|ARM.ActiveCfg = Debug|Any CPU
		{3D6E8A4A-2D8D-49B4-B54F-054EFAD2BAD2}.Debug|ARM.Build.0 = Debug|Any CPU
		{3D6E8A4A-2D8D-49B4-B54F-054EFAD2BAD2}.Debug|ARM64.ActiveCfg = Debug|Any CPU
		{3D6E8A4A-2D8D-49B4-B54F-054EFAD2BAD2}.Debug|ARM64.Build.0 = Debug|Any CPU
		{3D6E8A4A-2D8D-49B4-B54F-054EFAD2BAD2}.Debug|x64.ActiveCfg = Debug|Any CPU
		{3D6E8A4A-2D8D-49B4-B54F-054EFAD2BAD2}.Debug|x64.Build.0 = Debug|Any CPU
		{3D6E8A4A-2D8D-49B4-B54F-054EFAD2BAD2}.Debug|x86.ActiveCfg = Debug|Any CPU
		{3D6E8A4A-2D8D-49B4-B54F-054EFAD2BAD2}.Debug|x86.Build.0 = Debug|Any CPU
		{3D6E8A4A-2D8D-49B4-B54F-054EFAD2BAD2}.Production|Any CPU.ActiveCfg = Production|Any CPU
		{3D6E8A4A-2D8D-49B4-B54F-054EFAD2BAD2}.Production|Any CPU.Build.0 = Production|Any CPU
		{3D6E8A4A-2D8D-49B4-B54F-054EFAD2BAD2}.Production|ARM.ActiveCfg = Production|Any CPU
		{3D6E8A4A-2D8D-49B4-B54F-054EFAD2BAD2}.Production|ARM.Build.0 = Production|Any CPU
		{3D6E8A4A-2D8D-49B4-B54F-054EFAD2BAD2}.Production|ARM64.ActiveCfg = Production|Any CPU
		{3D6E8A4A-2D8D-49B4-B54F-054EFAD2BAD2}.Production|ARM64.Build.0 = Production|Any CPU
		{3D6E8A4A-2D8D-49B4-B54F-054EFAD2BAD2}.Production|x64.ActiveCfg = Production|Any CPU
		{3D6E8A4A-2D8D-49B4-B54F-054EFAD2BAD2}.Production|x64.Build.0 = Production|Any CPU
		{3D6E8A4A-2D8D-49B4-B54F-054EFAD2BAD2}.Production|x86.ActiveCfg = Production|Any CPU
		{3D6E8A4A-2D8D-49B4-B54F-054EFAD2BAD2}.Production|x86.Build.0 = Production|Any CPU
		{3D6E8A4A-2D8D-49B4-B54F-054EFAD2BAD2}.Release|Any CPU.ActiveCfg = Release|Any CPU
		{3D6E8A4A-2D8D-49B4-B54F-054EFAD2BAD2}.Release|Any CPU.Build.0 = Release|Any CPU
		{3D6E8A4A-2D8D-49B4-B54F-054EFAD2BAD2}.Release|ARM.ActiveCfg = Release|Any CPU
		{3D6E8A4A-2D8D-49B4-B54F-054EFAD2BAD2}.Release|ARM.Build.0 = Release|Any CPU
		{3D6E8A4A-2D8D-49B4-B54F-054EFAD2BAD2}.Release|ARM64.ActiveCfg = Release|Any CPU
		{3D6E8A4A-2D8D-49B4-B54F-054EFAD2BAD2}.Release|ARM64.Build.0 = Release|Any CPU
		{3D6E8A4A-2D8D-49B4-B54F-054EFAD2BAD2}.Release|x64.ActiveCfg = Release|Any CPU
		{3D6E8A4A-2D8D-49B4-B54F-054EFAD2BAD2}.Release|x64.Build.0 = Release|Any CPU
		{3D6E8A4A-2D8D-49B4-B54F-054EFAD2BAD2}.Release|x86.ActiveCfg = Release|Any CPU
		{3D6E8A4A-2D8D-49B4-B54F-054EFAD2BAD2}.Release|x86.Build.0 = Release|Any CPU
		{DFE6B7DD-EA10-4BB1-8864-5FA30E8D7355}.Debug|Any CPU.ActiveCfg = Debug|Any CPU
		{DFE6B7DD-EA10-4BB1-8864-5FA30E8D7355}.Debug|Any CPU.Build.0 = Debug|Any CPU
		{DFE6B7DD-EA10-4BB1-8864-5FA30E8D7355}.Debug|ARM.ActiveCfg = Debug|Any CPU
		{DFE6B7DD-EA10-4BB1-8864-5FA30E8D7355}.Debug|ARM.Build.0 = Debug|Any CPU
		{DFE6B7DD-EA10-4BB1-8864-5FA30E8D7355}.Debug|ARM64.ActiveCfg = Debug|Any CPU
		{DFE6B7DD-EA10-4BB1-8864-5FA30E8D7355}.Debug|ARM64.Build.0 = Debug|Any CPU
		{DFE6B7DD-EA10-4BB1-8864-5FA30E8D7355}.Debug|x64.ActiveCfg = Debug|Any CPU
		{DFE6B7DD-EA10-4BB1-8864-5FA30E8D7355}.Debug|x64.Build.0 = Debug|Any CPU
		{DFE6B7DD-EA10-4BB1-8864-5FA30E8D7355}.Debug|x86.ActiveCfg = Debug|Any CPU
		{DFE6B7DD-EA10-4BB1-8864-5FA30E8D7355}.Debug|x86.Build.0 = Debug|Any CPU
		{DFE6B7DD-EA10-4BB1-8864-5FA30E8D7355}.Production|Any CPU.ActiveCfg = Production|Any CPU
		{DFE6B7DD-EA10-4BB1-8864-5FA30E8D7355}.Production|Any CPU.Build.0 = Production|Any CPU
		{DFE6B7DD-EA10-4BB1-8864-5FA30E8D7355}.Production|ARM.ActiveCfg = Production|Any CPU
		{DFE6B7DD-EA10-4BB1-8864-5FA30E8D7355}.Production|ARM.Build.0 = Production|Any CPU
		{DFE6B7DD-EA10-4BB1-8864-5FA30E8D7355}.Production|ARM64.ActiveCfg = Production|Any CPU
		{DFE6B7DD-EA10-4BB1-8864-5FA30E8D7355}.Production|ARM64.Build.0 = Production|Any CPU
		{DFE6B7DD-EA10-4BB1-8864-5FA30E8D7355}.Production|x64.ActiveCfg = Production|Any CPU
		{DFE6B7DD-EA10-4BB1-8864-5FA30E8D7355}.Production|x64.Build.0 = Production|Any CPU
		{DFE6B7DD-EA10-4BB1-8864-5FA30E8D7355}.Production|x86.ActiveCfg = Production|Any CPU
		{DFE6B7DD-EA10-4BB1-8864-5FA30E8D7355}.Production|x86.Build.0 = Production|Any CPU
		{DFE6B7DD-EA10-4BB1-8864-5FA30E8D7355}.Release|Any CPU.ActiveCfg = Release|Any CPU
		{DFE6B7DD-EA10-4BB1-8864-5FA30E8D7355}.Release|Any CPU.Build.0 = Release|Any CPU
		{DFE6B7DD-EA10-4BB1-8864-5FA30E8D7355}.Release|ARM.ActiveCfg = Release|Any CPU
		{DFE6B7DD-EA10-4BB1-8864-5FA30E8D7355}.Release|ARM.Build.0 = Release|Any CPU
		{DFE6B7DD-EA10-4BB1-8864-5FA30E8D7355}.Release|ARM64.ActiveCfg = Release|Any CPU
		{DFE6B7DD-EA10-4BB1-8864-5FA30E8D7355}.Release|ARM64.Build.0 = Release|Any CPU
		{DFE6B7DD-EA10-4BB1-8864-5FA30E8D7355}.Release|x64.ActiveCfg = Release|Any CPU
		{DFE6B7DD-EA10-4BB1-8864-5FA30E8D7355}.Release|x64.Build.0 = Release|Any CPU
		{DFE6B7DD-EA10-4BB1-8864-5FA30E8D7355}.Release|x86.ActiveCfg = Release|Any CPU
		{DFE6B7DD-EA10-4BB1-8864-5FA30E8D7355}.Release|x86.Build.0 = Release|Any CPU
		{AACB7FCD-1D38-4882-B9FB-818FA29FFD8A}.Debug|Any CPU.ActiveCfg = Debug|Any CPU
		{AACB7FCD-1D38-4882-B9FB-818FA29FFD8A}.Debug|Any CPU.Build.0 = Debug|Any CPU
		{AACB7FCD-1D38-4882-B9FB-818FA29FFD8A}.Debug|ARM.ActiveCfg = Debug|Any CPU
		{AACB7FCD-1D38-4882-B9FB-818FA29FFD8A}.Debug|ARM.Build.0 = Debug|Any CPU
		{AACB7FCD-1D38-4882-B9FB-818FA29FFD8A}.Debug|ARM64.ActiveCfg = Debug|Any CPU
		{AACB7FCD-1D38-4882-B9FB-818FA29FFD8A}.Debug|ARM64.Build.0 = Debug|Any CPU
		{AACB7FCD-1D38-4882-B9FB-818FA29FFD8A}.Debug|x64.ActiveCfg = Debug|Any CPU
		{AACB7FCD-1D38-4882-B9FB-818FA29FFD8A}.Debug|x64.Build.0 = Debug|Any CPU
		{AACB7FCD-1D38-4882-B9FB-818FA29FFD8A}.Debug|x86.ActiveCfg = Debug|Any CPU
		{AACB7FCD-1D38-4882-B9FB-818FA29FFD8A}.Debug|x86.Build.0 = Debug|Any CPU
		{AACB7FCD-1D38-4882-B9FB-818FA29FFD8A}.Production|Any CPU.ActiveCfg = Production|Any CPU
		{AACB7FCD-1D38-4882-B9FB-818FA29FFD8A}.Production|Any CPU.Build.0 = Production|Any CPU
		{AACB7FCD-1D38-4882-B9FB-818FA29FFD8A}.Production|ARM.ActiveCfg = Production|Any CPU
		{AACB7FCD-1D38-4882-B9FB-818FA29FFD8A}.Production|ARM.Build.0 = Production|Any CPU
		{AACB7FCD-1D38-4882-B9FB-818FA29FFD8A}.Production|ARM64.ActiveCfg = Production|Any CPU
		{AACB7FCD-1D38-4882-B9FB-818FA29FFD8A}.Production|ARM64.Build.0 = Production|Any CPU
		{AACB7FCD-1D38-4882-B9FB-818FA29FFD8A}.Production|x64.ActiveCfg = Production|Any CPU
		{AACB7FCD-1D38-4882-B9FB-818FA29FFD8A}.Production|x64.Build.0 = Production|Any CPU
		{AACB7FCD-1D38-4882-B9FB-818FA29FFD8A}.Production|x86.ActiveCfg = Production|Any CPU
		{AACB7FCD-1D38-4882-B9FB-818FA29FFD8A}.Production|x86.Build.0 = Production|Any CPU
		{AACB7FCD-1D38-4882-B9FB-818FA29FFD8A}.Release|Any CPU.ActiveCfg = Release|Any CPU
		{AACB7FCD-1D38-4882-B9FB-818FA29FFD8A}.Release|Any CPU.Build.0 = Release|Any CPU
		{AACB7FCD-1D38-4882-B9FB-818FA29FFD8A}.Release|ARM.ActiveCfg = Release|Any CPU
		{AACB7FCD-1D38-4882-B9FB-818FA29FFD8A}.Release|ARM.Build.0 = Release|Any CPU
		{AACB7FCD-1D38-4882-B9FB-818FA29FFD8A}.Release|ARM64.ActiveCfg = Release|Any CPU
		{AACB7FCD-1D38-4882-B9FB-818FA29FFD8A}.Release|ARM64.Build.0 = Release|Any CPU
		{AACB7FCD-1D38-4882-B9FB-818FA29FFD8A}.Release|x64.ActiveCfg = Release|Any CPU
		{AACB7FCD-1D38-4882-B9FB-818FA29FFD8A}.Release|x64.Build.0 = Release|Any CPU
		{AACB7FCD-1D38-4882-B9FB-818FA29FFD8A}.Release|x86.ActiveCfg = Release|Any CPU
		{AACB7FCD-1D38-4882-B9FB-818FA29FFD8A}.Release|x86.Build.0 = Release|Any CPU
		{958DBFDB-C2E1-4156-A553-A9FE1DE5444C}.Debug|Any CPU.ActiveCfg = Debug|Any CPU
		{958DBFDB-C2E1-4156-A553-A9FE1DE5444C}.Debug|Any CPU.Build.0 = Debug|Any CPU
		{958DBFDB-C2E1-4156-A553-A9FE1DE5444C}.Debug|ARM.ActiveCfg = Debug|Any CPU
		{958DBFDB-C2E1-4156-A553-A9FE1DE5444C}.Debug|ARM.Build.0 = Debug|Any CPU
		{958DBFDB-C2E1-4156-A553-A9FE1DE5444C}.Debug|ARM64.ActiveCfg = Debug|Any CPU
		{958DBFDB-C2E1-4156-A553-A9FE1DE5444C}.Debug|ARM64.Build.0 = Debug|Any CPU
		{958DBFDB-C2E1-4156-A553-A9FE1DE5444C}.Debug|x64.ActiveCfg = Debug|Any CPU
		{958DBFDB-C2E1-4156-A553-A9FE1DE5444C}.Debug|x64.Build.0 = Debug|Any CPU
		{958DBFDB-C2E1-4156-A553-A9FE1DE5444C}.Debug|x86.ActiveCfg = Debug|Any CPU
		{958DBFDB-C2E1-4156-A553-A9FE1DE5444C}.Debug|x86.Build.0 = Debug|Any CPU
		{958DBFDB-C2E1-4156-A553-A9FE1DE5444C}.Production|Any CPU.ActiveCfg = Production|Any CPU
		{958DBFDB-C2E1-4156-A553-A9FE1DE5444C}.Production|Any CPU.Build.0 = Production|Any CPU
		{958DBFDB-C2E1-4156-A553-A9FE1DE5444C}.Production|ARM.ActiveCfg = Production|Any CPU
		{958DBFDB-C2E1-4156-A553-A9FE1DE5444C}.Production|ARM.Build.0 = Production|Any CPU
		{958DBFDB-C2E1-4156-A553-A9FE1DE5444C}.Production|ARM64.ActiveCfg = Production|Any CPU
		{958DBFDB-C2E1-4156-A553-A9FE1DE5444C}.Production|ARM64.Build.0 = Production|Any CPU
		{958DBFDB-C2E1-4156-A553-A9FE1DE5444C}.Production|x64.ActiveCfg = Production|Any CPU
		{958DBFDB-C2E1-4156-A553-A9FE1DE5444C}.Production|x64.Build.0 = Production|Any CPU
		{958DBFDB-C2E1-4156-A553-A9FE1DE5444C}.Production|x86.ActiveCfg = Production|Any CPU
		{958DBFDB-C2E1-4156-A553-A9FE1DE5444C}.Production|x86.Build.0 = Production|Any CPU
		{958DBFDB-C2E1-4156-A553-A9FE1DE5444C}.Release|Any CPU.ActiveCfg = Release|Any CPU
		{958DBFDB-C2E1-4156-A553-A9FE1DE5444C}.Release|Any CPU.Build.0 = Release|Any CPU
		{958DBFDB-C2E1-4156-A553-A9FE1DE5444C}.Release|ARM.ActiveCfg = Release|Any CPU
		{958DBFDB-C2E1-4156-A553-A9FE1DE5444C}.Release|ARM.Build.0 = Release|Any CPU
		{958DBFDB-C2E1-4156-A553-A9FE1DE5444C}.Release|ARM64.ActiveCfg = Release|Any CPU
		{958DBFDB-C2E1-4156-A553-A9FE1DE5444C}.Release|ARM64.Build.0 = Release|Any CPU
		{958DBFDB-C2E1-4156-A553-A9FE1DE5444C}.Release|x64.ActiveCfg = Release|Any CPU
		{958DBFDB-C2E1-4156-A553-A9FE1DE5444C}.Release|x64.Build.0 = Release|Any CPU
		{958DBFDB-C2E1-4156-A553-A9FE1DE5444C}.Release|x86.ActiveCfg = Release|Any CPU
		{958DBFDB-C2E1-4156-A553-A9FE1DE5444C}.Release|x86.Build.0 = Release|Any CPU
		{A9D5B838-743E-4B87-B853-1709F01245CA}.Debug|Any CPU.ActiveCfg = Debug|Any CPU
		{A9D5B838-743E-4B87-B853-1709F01245CA}.Debug|Any CPU.Build.0 = Debug|Any CPU
		{A9D5B838-743E-4B87-B853-1709F01245CA}.Debug|ARM.ActiveCfg = Debug|Any CPU
		{A9D5B838-743E-4B87-B853-1709F01245CA}.Debug|ARM.Build.0 = Debug|Any CPU
		{A9D5B838-743E-4B87-B853-1709F01245CA}.Debug|ARM64.ActiveCfg = Debug|Any CPU
		{A9D5B838-743E-4B87-B853-1709F01245CA}.Debug|ARM64.Build.0 = Debug|Any CPU
		{A9D5B838-743E-4B87-B853-1709F01245CA}.Debug|x64.ActiveCfg = Debug|Any CPU
		{A9D5B838-743E-4B87-B853-1709F01245CA}.Debug|x64.Build.0 = Debug|Any CPU
		{A9D5B838-743E-4B87-B853-1709F01245CA}.Debug|x86.ActiveCfg = Debug|Any CPU
		{A9D5B838-743E-4B87-B853-1709F01245CA}.Debug|x86.Build.0 = Debug|Any CPU
		{A9D5B838-743E-4B87-B853-1709F01245CA}.Production|Any CPU.ActiveCfg = Production|Any CPU
		{A9D5B838-743E-4B87-B853-1709F01245CA}.Production|Any CPU.Build.0 = Production|Any CPU
		{A9D5B838-743E-4B87-B853-1709F01245CA}.Production|ARM.ActiveCfg = Production|Any CPU
		{A9D5B838-743E-4B87-B853-1709F01245CA}.Production|ARM.Build.0 = Production|Any CPU
		{A9D5B838-743E-4B87-B853-1709F01245CA}.Production|ARM64.ActiveCfg = Production|Any CPU
		{A9D5B838-743E-4B87-B853-1709F01245CA}.Production|ARM64.Build.0 = Production|Any CPU
		{A9D5B838-743E-4B87-B853-1709F01245CA}.Production|x64.ActiveCfg = Production|Any CPU
		{A9D5B838-743E-4B87-B853-1709F01245CA}.Production|x64.Build.0 = Production|Any CPU
		{A9D5B838-743E-4B87-B853-1709F01245CA}.Production|x86.ActiveCfg = Production|Any CPU
		{A9D5B838-743E-4B87-B853-1709F01245CA}.Production|x86.Build.0 = Production|Any CPU
		{A9D5B838-743E-4B87-B853-1709F01245CA}.Release|Any CPU.ActiveCfg = Release|Any CPU
		{A9D5B838-743E-4B87-B853-1709F01245CA}.Release|Any CPU.Build.0 = Release|Any CPU
		{A9D5B838-743E-4B87-B853-1709F01245CA}.Release|ARM.ActiveCfg = Release|Any CPU
		{A9D5B838-743E-4B87-B853-1709F01245CA}.Release|ARM.Build.0 = Release|Any CPU
		{A9D5B838-743E-4B87-B853-1709F01245CA}.Release|ARM64.ActiveCfg = Release|Any CPU
		{A9D5B838-743E-4B87-B853-1709F01245CA}.Release|ARM64.Build.0 = Release|Any CPU
		{A9D5B838-743E-4B87-B853-1709F01245CA}.Release|x64.ActiveCfg = Release|Any CPU
		{A9D5B838-743E-4B87-B853-1709F01245CA}.Release|x64.Build.0 = Release|Any CPU
		{A9D5B838-743E-4B87-B853-1709F01245CA}.Release|x86.ActiveCfg = Release|Any CPU
		{A9D5B838-743E-4B87-B853-1709F01245CA}.Release|x86.Build.0 = Release|Any CPU
		{F794742A-268A-46D8-9776-3E5F11EC5EBD}.Debug|Any CPU.ActiveCfg = Debug|Any CPU
		{F794742A-268A-46D8-9776-3E5F11EC5EBD}.Debug|Any CPU.Build.0 = Debug|Any CPU
		{F794742A-268A-46D8-9776-3E5F11EC5EBD}.Debug|ARM.ActiveCfg = Debug|Any CPU
		{F794742A-268A-46D8-9776-3E5F11EC5EBD}.Debug|ARM.Build.0 = Debug|Any CPU
		{F794742A-268A-46D8-9776-3E5F11EC5EBD}.Debug|ARM64.ActiveCfg = Debug|Any CPU
		{F794742A-268A-46D8-9776-3E5F11EC5EBD}.Debug|ARM64.Build.0 = Debug|Any CPU
		{F794742A-268A-46D8-9776-3E5F11EC5EBD}.Debug|x64.ActiveCfg = Debug|Any CPU
		{F794742A-268A-46D8-9776-3E5F11EC5EBD}.Debug|x64.Build.0 = Debug|Any CPU
		{F794742A-268A-46D8-9776-3E5F11EC5EBD}.Debug|x86.ActiveCfg = Debug|Any CPU
		{F794742A-268A-46D8-9776-3E5F11EC5EBD}.Debug|x86.Build.0 = Debug|Any CPU
		{F794742A-268A-46D8-9776-3E5F11EC5EBD}.Production|Any CPU.ActiveCfg = Production|Any CPU
		{F794742A-268A-46D8-9776-3E5F11EC5EBD}.Production|Any CPU.Build.0 = Production|Any CPU
		{F794742A-268A-46D8-9776-3E5F11EC5EBD}.Production|ARM.ActiveCfg = Production|Any CPU
		{F794742A-268A-46D8-9776-3E5F11EC5EBD}.Production|ARM.Build.0 = Production|Any CPU
		{F794742A-268A-46D8-9776-3E5F11EC5EBD}.Production|ARM64.ActiveCfg = Production|Any CPU
		{F794742A-268A-46D8-9776-3E5F11EC5EBD}.Production|ARM64.Build.0 = Production|Any CPU
		{F794742A-268A-46D8-9776-3E5F11EC5EBD}.Production|x64.ActiveCfg = Production|Any CPU
		{F794742A-268A-46D8-9776-3E5F11EC5EBD}.Production|x64.Build.0 = Production|Any CPU
		{F794742A-268A-46D8-9776-3E5F11EC5EBD}.Production|x86.ActiveCfg = Production|Any CPU
		{F794742A-268A-46D8-9776-3E5F11EC5EBD}.Production|x86.Build.0 = Production|Any CPU
		{F794742A-268A-46D8-9776-3E5F11EC5EBD}.Release|Any CPU.ActiveCfg = Release|Any CPU
		{F794742A-268A-46D8-9776-3E5F11EC5EBD}.Release|Any CPU.Build.0 = Release|Any CPU
		{F794742A-268A-46D8-9776-3E5F11EC5EBD}.Release|ARM.ActiveCfg = Release|Any CPU
		{F794742A-268A-46D8-9776-3E5F11EC5EBD}.Release|ARM.Build.0 = Release|Any CPU
		{F794742A-268A-46D8-9776-3E5F11EC5EBD}.Release|ARM64.ActiveCfg = Release|Any CPU
		{F794742A-268A-46D8-9776-3E5F11EC5EBD}.Release|ARM64.Build.0 = Release|Any CPU
		{F794742A-268A-46D8-9776-3E5F11EC5EBD}.Release|x64.ActiveCfg = Release|Any CPU
		{F794742A-268A-46D8-9776-3E5F11EC5EBD}.Release|x64.Build.0 = Release|Any CPU
		{F794742A-268A-46D8-9776-3E5F11EC5EBD}.Release|x86.ActiveCfg = Release|Any CPU
		{F794742A-268A-46D8-9776-3E5F11EC5EBD}.Release|x86.Build.0 = Release|Any CPU
		{381BB341-9A6B-4DE6-9238-C801F3C7A043}.Debug|Any CPU.ActiveCfg = Debug|Any CPU
		{381BB341-9A6B-4DE6-9238-C801F3C7A043}.Debug|Any CPU.Build.0 = Debug|Any CPU
		{381BB341-9A6B-4DE6-9238-C801F3C7A043}.Debug|ARM.ActiveCfg = Debug|Any CPU
		{381BB341-9A6B-4DE6-9238-C801F3C7A043}.Debug|ARM.Build.0 = Debug|Any CPU
		{381BB341-9A6B-4DE6-9238-C801F3C7A043}.Debug|ARM64.ActiveCfg = Debug|Any CPU
		{381BB341-9A6B-4DE6-9238-C801F3C7A043}.Debug|ARM64.Build.0 = Debug|Any CPU
		{381BB341-9A6B-4DE6-9238-C801F3C7A043}.Debug|x64.ActiveCfg = Debug|Any CPU
		{381BB341-9A6B-4DE6-9238-C801F3C7A043}.Debug|x64.Build.0 = Debug|Any CPU
		{381BB341-9A6B-4DE6-9238-C801F3C7A043}.Debug|x86.ActiveCfg = Debug|Any CPU
		{381BB341-9A6B-4DE6-9238-C801F3C7A043}.Debug|x86.Build.0 = Debug|Any CPU
		{381BB341-9A6B-4DE6-9238-C801F3C7A043}.Production|Any CPU.ActiveCfg = Release|Any CPU
		{381BB341-9A6B-4DE6-9238-C801F3C7A043}.Production|Any CPU.Build.0 = Release|Any CPU
		{381BB341-9A6B-4DE6-9238-C801F3C7A043}.Production|ARM.ActiveCfg = Release|Any CPU
		{381BB341-9A6B-4DE6-9238-C801F3C7A043}.Production|ARM.Build.0 = Release|Any CPU
		{381BB341-9A6B-4DE6-9238-C801F3C7A043}.Production|ARM64.ActiveCfg = Release|Any CPU
		{381BB341-9A6B-4DE6-9238-C801F3C7A043}.Production|ARM64.Build.0 = Release|Any CPU
		{381BB341-9A6B-4DE6-9238-C801F3C7A043}.Production|x64.ActiveCfg = Release|Any CPU
		{381BB341-9A6B-4DE6-9238-C801F3C7A043}.Production|x64.Build.0 = Release|Any CPU
		{381BB341-9A6B-4DE6-9238-C801F3C7A043}.Production|x86.ActiveCfg = Release|Any CPU
		{381BB341-9A6B-4DE6-9238-C801F3C7A043}.Production|x86.Build.0 = Release|Any CPU
		{381BB341-9A6B-4DE6-9238-C801F3C7A043}.Release|Any CPU.ActiveCfg = Release|Any CPU
		{381BB341-9A6B-4DE6-9238-C801F3C7A043}.Release|Any CPU.Build.0 = Release|Any CPU
		{381BB341-9A6B-4DE6-9238-C801F3C7A043}.Release|ARM.ActiveCfg = Release|Any CPU
		{381BB341-9A6B-4DE6-9238-C801F3C7A043}.Release|ARM.Build.0 = Release|Any CPU
		{381BB341-9A6B-4DE6-9238-C801F3C7A043}.Release|ARM64.ActiveCfg = Release|Any CPU
		{381BB341-9A6B-4DE6-9238-C801F3C7A043}.Release|ARM64.Build.0 = Release|Any CPU
		{381BB341-9A6B-4DE6-9238-C801F3C7A043}.Release|x64.ActiveCfg = Release|Any CPU
		{381BB341-9A6B-4DE6-9238-C801F3C7A043}.Release|x64.Build.0 = Release|Any CPU
		{381BB341-9A6B-4DE6-9238-C801F3C7A043}.Release|x86.ActiveCfg = Release|Any CPU
		{381BB341-9A6B-4DE6-9238-C801F3C7A043}.Release|x86.Build.0 = Release|Any CPU
		{4F42320E-7431-47E7-B29F-1139AC557336}.Debug|Any CPU.ActiveCfg = Debug|Any CPU
		{4F42320E-7431-47E7-B29F-1139AC557336}.Debug|Any CPU.Build.0 = Debug|Any CPU
		{4F42320E-7431-47E7-B29F-1139AC557336}.Debug|ARM.ActiveCfg = Debug|Any CPU
		{4F42320E-7431-47E7-B29F-1139AC557336}.Debug|ARM.Build.0 = Debug|Any CPU
		{4F42320E-7431-47E7-B29F-1139AC557336}.Debug|ARM64.ActiveCfg = Debug|Any CPU
		{4F42320E-7431-47E7-B29F-1139AC557336}.Debug|ARM64.Build.0 = Debug|Any CPU
		{4F42320E-7431-47E7-B29F-1139AC557336}.Debug|x64.ActiveCfg = Debug|Any CPU
		{4F42320E-7431-47E7-B29F-1139AC557336}.Debug|x64.Build.0 = Debug|Any CPU
		{4F42320E-7431-47E7-B29F-1139AC557336}.Debug|x86.ActiveCfg = Debug|Any CPU
		{4F42320E-7431-47E7-B29F-1139AC557336}.Debug|x86.Build.0 = Debug|Any CPU
		{4F42320E-7431-47E7-B29F-1139AC557336}.Production|Any CPU.ActiveCfg = Release|Any CPU
		{4F42320E-7431-47E7-B29F-1139AC557336}.Production|Any CPU.Build.0 = Release|Any CPU
		{4F42320E-7431-47E7-B29F-1139AC557336}.Production|ARM.ActiveCfg = Release|Any CPU
		{4F42320E-7431-47E7-B29F-1139AC557336}.Production|ARM.Build.0 = Release|Any CPU
		{4F42320E-7431-47E7-B29F-1139AC557336}.Production|ARM64.ActiveCfg = Release|Any CPU
		{4F42320E-7431-47E7-B29F-1139AC557336}.Production|ARM64.Build.0 = Release|Any CPU
		{4F42320E-7431-47E7-B29F-1139AC557336}.Production|x64.ActiveCfg = Release|Any CPU
		{4F42320E-7431-47E7-B29F-1139AC557336}.Production|x64.Build.0 = Release|Any CPU
		{4F42320E-7431-47E7-B29F-1139AC557336}.Production|x86.ActiveCfg = Release|Any CPU
		{4F42320E-7431-47E7-B29F-1139AC557336}.Production|x86.Build.0 = Release|Any CPU
		{4F42320E-7431-47E7-B29F-1139AC557336}.Release|Any CPU.ActiveCfg = Release|Any CPU
		{4F42320E-7431-47E7-B29F-1139AC557336}.Release|Any CPU.Build.0 = Release|Any CPU
		{4F42320E-7431-47E7-B29F-1139AC557336}.Release|ARM.ActiveCfg = Release|Any CPU
		{4F42320E-7431-47E7-B29F-1139AC557336}.Release|ARM.Build.0 = Release|Any CPU
		{4F42320E-7431-47E7-B29F-1139AC557336}.Release|ARM64.ActiveCfg = Release|Any CPU
		{4F42320E-7431-47E7-B29F-1139AC557336}.Release|ARM64.Build.0 = Release|Any CPU
		{4F42320E-7431-47E7-B29F-1139AC557336}.Release|x64.ActiveCfg = Release|Any CPU
		{4F42320E-7431-47E7-B29F-1139AC557336}.Release|x64.Build.0 = Release|Any CPU
		{4F42320E-7431-47E7-B29F-1139AC557336}.Release|x86.ActiveCfg = Release|Any CPU
		{4F42320E-7431-47E7-B29F-1139AC557336}.Release|x86.Build.0 = Release|Any CPU
		{CE849636-27F4-40A4-9FB5-C7D2B35CDC90}.Debug|Any CPU.ActiveCfg = Debug|Any CPU
		{CE849636-27F4-40A4-9FB5-C7D2B35CDC90}.Debug|Any CPU.Build.0 = Debug|Any CPU
		{CE849636-27F4-40A4-9FB5-C7D2B35CDC90}.Debug|Any CPU.Deploy.0 = Debug|Any CPU
		{CE849636-27F4-40A4-9FB5-C7D2B35CDC90}.Debug|ARM.ActiveCfg = Debug|ARM
		{CE849636-27F4-40A4-9FB5-C7D2B35CDC90}.Debug|ARM.Build.0 = Debug|ARM
		{CE849636-27F4-40A4-9FB5-C7D2B35CDC90}.Debug|ARM.Deploy.0 = Debug|ARM
		{CE849636-27F4-40A4-9FB5-C7D2B35CDC90}.Debug|ARM64.ActiveCfg = Debug|ARM64
		{CE849636-27F4-40A4-9FB5-C7D2B35CDC90}.Debug|ARM64.Build.0 = Debug|ARM64
		{CE849636-27F4-40A4-9FB5-C7D2B35CDC90}.Debug|ARM64.Deploy.0 = Debug|ARM64
		{CE849636-27F4-40A4-9FB5-C7D2B35CDC90}.Debug|x64.ActiveCfg = Debug|x64
		{CE849636-27F4-40A4-9FB5-C7D2B35CDC90}.Debug|x64.Build.0 = Debug|x64
		{CE849636-27F4-40A4-9FB5-C7D2B35CDC90}.Debug|x64.Deploy.0 = Debug|x64
		{CE849636-27F4-40A4-9FB5-C7D2B35CDC90}.Debug|x86.ActiveCfg = Debug|x86
		{CE849636-27F4-40A4-9FB5-C7D2B35CDC90}.Debug|x86.Build.0 = Debug|x86
		{CE849636-27F4-40A4-9FB5-C7D2B35CDC90}.Debug|x86.Deploy.0 = Debug|x86
		{CE849636-27F4-40A4-9FB5-C7D2B35CDC90}.Production|Any CPU.ActiveCfg = Release|Any CPU
		{CE849636-27F4-40A4-9FB5-C7D2B35CDC90}.Production|Any CPU.Build.0 = Release|Any CPU
		{CE849636-27F4-40A4-9FB5-C7D2B35CDC90}.Production|Any CPU.Deploy.0 = Release|Any CPU
		{CE849636-27F4-40A4-9FB5-C7D2B35CDC90}.Production|ARM.ActiveCfg = Release|ARM
		{CE849636-27F4-40A4-9FB5-C7D2B35CDC90}.Production|ARM.Build.0 = Release|ARM
		{CE849636-27F4-40A4-9FB5-C7D2B35CDC90}.Production|ARM.Deploy.0 = Release|ARM
		{CE849636-27F4-40A4-9FB5-C7D2B35CDC90}.Production|ARM64.ActiveCfg = Release|ARM64
		{CE849636-27F4-40A4-9FB5-C7D2B35CDC90}.Production|ARM64.Build.0 = Release|ARM64
		{CE849636-27F4-40A4-9FB5-C7D2B35CDC90}.Production|ARM64.Deploy.0 = Release|ARM64
		{CE849636-27F4-40A4-9FB5-C7D2B35CDC90}.Production|x64.ActiveCfg = Release|x64
		{CE849636-27F4-40A4-9FB5-C7D2B35CDC90}.Production|x64.Build.0 = Release|x64
		{CE849636-27F4-40A4-9FB5-C7D2B35CDC90}.Production|x64.Deploy.0 = Release|x64
		{CE849636-27F4-40A4-9FB5-C7D2B35CDC90}.Production|x86.ActiveCfg = Release|x86
		{CE849636-27F4-40A4-9FB5-C7D2B35CDC90}.Production|x86.Build.0 = Release|x86
		{CE849636-27F4-40A4-9FB5-C7D2B35CDC90}.Production|x86.Deploy.0 = Release|x86
		{CE849636-27F4-40A4-9FB5-C7D2B35CDC90}.Release|Any CPU.ActiveCfg = Release|Any CPU
		{CE849636-27F4-40A4-9FB5-C7D2B35CDC90}.Release|Any CPU.Build.0 = Release|Any CPU
		{CE849636-27F4-40A4-9FB5-C7D2B35CDC90}.Release|Any CPU.Deploy.0 = Release|Any CPU
		{CE849636-27F4-40A4-9FB5-C7D2B35CDC90}.Release|ARM.ActiveCfg = Release|ARM
		{CE849636-27F4-40A4-9FB5-C7D2B35CDC90}.Release|ARM.Build.0 = Release|ARM
		{CE849636-27F4-40A4-9FB5-C7D2B35CDC90}.Release|ARM.Deploy.0 = Release|ARM
		{CE849636-27F4-40A4-9FB5-C7D2B35CDC90}.Release|ARM64.ActiveCfg = Release|ARM64
		{CE849636-27F4-40A4-9FB5-C7D2B35CDC90}.Release|ARM64.Build.0 = Release|ARM64
		{CE849636-27F4-40A4-9FB5-C7D2B35CDC90}.Release|ARM64.Deploy.0 = Release|ARM64
		{CE849636-27F4-40A4-9FB5-C7D2B35CDC90}.Release|x64.ActiveCfg = Release|x64
		{CE849636-27F4-40A4-9FB5-C7D2B35CDC90}.Release|x64.Build.0 = Release|x64
		{CE849636-27F4-40A4-9FB5-C7D2B35CDC90}.Release|x64.Deploy.0 = Release|x64
		{CE849636-27F4-40A4-9FB5-C7D2B35CDC90}.Release|x86.ActiveCfg = Release|x86
		{CE849636-27F4-40A4-9FB5-C7D2B35CDC90}.Release|x86.Build.0 = Release|x86
		{CE849636-27F4-40A4-9FB5-C7D2B35CDC90}.Release|x86.Deploy.0 = Release|x86
		{CB1561FB-9889-9D00-81E8-AF77A3C01443}.Debug|Any CPU.ActiveCfg = Debug|Any CPU
		{CB1561FB-9889-9D00-81E8-AF77A3C01443}.Debug|Any CPU.Build.0 = Debug|Any CPU
		{CB1561FB-9889-9D00-81E8-AF77A3C01443}.Debug|ARM.ActiveCfg = Debug|Any CPU
		{CB1561FB-9889-9D00-81E8-AF77A3C01443}.Debug|ARM.Build.0 = Debug|Any CPU
		{CB1561FB-9889-9D00-81E8-AF77A3C01443}.Debug|ARM64.ActiveCfg = Debug|Any CPU
		{CB1561FB-9889-9D00-81E8-AF77A3C01443}.Debug|ARM64.Build.0 = Debug|Any CPU
		{CB1561FB-9889-9D00-81E8-AF77A3C01443}.Debug|x64.ActiveCfg = Debug|Any CPU
		{CB1561FB-9889-9D00-81E8-AF77A3C01443}.Debug|x64.Build.0 = Debug|Any CPU
		{CB1561FB-9889-9D00-81E8-AF77A3C01443}.Debug|x86.ActiveCfg = Debug|Any CPU
		{CB1561FB-9889-9D00-81E8-AF77A3C01443}.Debug|x86.Build.0 = Debug|Any CPU
		{CB1561FB-9889-9D00-81E8-AF77A3C01443}.Production|Any CPU.ActiveCfg = Release|Any CPU
		{CB1561FB-9889-9D00-81E8-AF77A3C01443}.Production|Any CPU.Build.0 = Release|Any CPU
		{CB1561FB-9889-9D00-81E8-AF77A3C01443}.Production|ARM.ActiveCfg = Release|Any CPU
		{CB1561FB-9889-9D00-81E8-AF77A3C01443}.Production|ARM.Build.0 = Release|Any CPU
		{CB1561FB-9889-9D00-81E8-AF77A3C01443}.Production|ARM64.ActiveCfg = Release|Any CPU
		{CB1561FB-9889-9D00-81E8-AF77A3C01443}.Production|ARM64.Build.0 = Release|Any CPU
		{CB1561FB-9889-9D00-81E8-AF77A3C01443}.Production|x64.ActiveCfg = Release|Any CPU
		{CB1561FB-9889-9D00-81E8-AF77A3C01443}.Production|x64.Build.0 = Release|Any CPU
		{CB1561FB-9889-9D00-81E8-AF77A3C01443}.Production|x86.ActiveCfg = Release|Any CPU
		{CB1561FB-9889-9D00-81E8-AF77A3C01443}.Production|x86.Build.0 = Release|Any CPU
		{CB1561FB-9889-9D00-81E8-AF77A3C01443}.Release|Any CPU.ActiveCfg = Release|Any CPU
		{CB1561FB-9889-9D00-81E8-AF77A3C01443}.Release|Any CPU.Build.0 = Release|Any CPU
		{CB1561FB-9889-9D00-81E8-AF77A3C01443}.Release|ARM.ActiveCfg = Release|Any CPU
		{CB1561FB-9889-9D00-81E8-AF77A3C01443}.Release|ARM.Build.0 = Release|Any CPU
		{CB1561FB-9889-9D00-81E8-AF77A3C01443}.Release|ARM64.ActiveCfg = Release|Any CPU
		{CB1561FB-9889-9D00-81E8-AF77A3C01443}.Release|ARM64.Build.0 = Release|Any CPU
		{CB1561FB-9889-9D00-81E8-AF77A3C01443}.Release|x64.ActiveCfg = Release|Any CPU
		{CB1561FB-9889-9D00-81E8-AF77A3C01443}.Release|x64.Build.0 = Release|Any CPU
		{CB1561FB-9889-9D00-81E8-AF77A3C01443}.Release|x86.ActiveCfg = Release|Any CPU
		{CB1561FB-9889-9D00-81E8-AF77A3C01443}.Release|x86.Build.0 = Release|Any CPU
	EndGlobalSection
	GlobalSection(SolutionProperties) = preSolution
		HideSolutionNode = FALSE
	EndGlobalSection
	GlobalSection(NestedProjects) = preSolution
		{FC894CBA-9468-444E-8079-4C12F99BC33F} = {300D19BC-0A86-46A0-ACAC-958D368590A4}
		{FFD97CC4-2F08-4CC4-B616-602D94CE9664} = {300D19BC-0A86-46A0-ACAC-958D368590A4}
		{3D6E8A4A-2D8D-49B4-B54F-054EFAD2BAD2} = {71A429DB-04E4-4893-9D4F-A7146BE12DE3}
		{DFE6B7DD-EA10-4BB1-8864-5FA30E8D7355} = {71A429DB-04E4-4893-9D4F-A7146BE12DE3}
		{AACB7FCD-1D38-4882-B9FB-818FA29FFD8A} = {55B3A13A-94FE-4F3C-9E68-D889BCA2D684}
		{958DBFDB-C2E1-4156-A553-A9FE1DE5444C} = {300D19BC-0A86-46A0-ACAC-958D368590A4}
		{A9D5B838-743E-4B87-B853-1709F01245CA} = {AD342BAA-5996-4184-B197-9192E5666B17}
		{F794742A-268A-46D8-9776-3E5F11EC5EBD} = {60EC0C27-B490-4A9E-B94F-53B76B99A4CF}
		{381BB341-9A6B-4DE6-9238-C801F3C7A043} = {AD342BAA-5996-4184-B197-9192E5666B17}
		{4F42320E-7431-47E7-B29F-1139AC557336} = {300D19BC-0A86-46A0-ACAC-958D368590A4}
		{CE849636-27F4-40A4-9FB5-C7D2B35CDC90} = {AD342BAA-5996-4184-B197-9192E5666B17}
		{CB1561FB-9889-9D00-81E8-AF77A3C01443} = {AD342BAA-5996-4184-B197-9192E5666B17}
	EndGlobalSection
	GlobalSection(ExtensibilityGlobals) = postSolution
		SolutionGuid = {DCBEF9C5-A446-4A62-B058-1E17441EDCC9}
	EndGlobalSection
EndGlobal
